
Microsoft Visual Studio Solution File, Format Version 12.00
# Visual Studio Version 17
VisualStudioVersion = 17.0.31903.59
MinimumVisualStudioVersion = 10.0.40219.1
Project("{2150E333-8FDC-42A3-9474-1A3956D46DE8}") = "src", "src", "{827E0CD3-B72D-47B6-A68D-7590B98EB39B}"
EndProject
Project("{FAE04EC0-301F-11D3-BF4B-00C04F79EFBC}") = "MiniStockWidget.Core", "src\MiniStockWidget.Core\MiniStockWidget.Core.csproj", "{FB9B39BD-78AE-47A4-B229-A00D7BBC2E7B}"
EndProject
Project("{FAE04EC0-301F-11D3-BF4B-00C04F79EFBC}") = "MiniStockWidget.App", "src\MiniStockWidget.App\MiniStockWidget.App.csproj", "{BEB97A43-E743-4859-8B93-E8596F96CC30}"
EndProject
Project("{FAE04EC0-301F-11D3-BF4B-00C04F79EFBC}") = "MiniStockWidget.Tests", "tests\MiniStockWidget.Tests\MiniStockWidget.Tests.csproj", "{7FAE9FA7-3BC2-4E91-80C2-2D55B34EAA55}"
EndProject
Global
	GlobalSection(SolutionConfigurationPlatforms) = preSolution
		Debug|Any CPU = Debug|Any CPU
		Debug|x64 = Debug|x64
		Debug|x86 = Debug|x86
		Release|Any CPU = Release|Any CPU
		Release|x64 = Release|x64
		Release|x86 = Release|x86
	EndGlobalSection
	GlobalSection(ProjectConfigurationPlatforms) = postSolution
		{FB9B39BD-78AE-47A4-B229-A00D7BBC2E7B}.Debug|Any CPU.ActiveCfg = Debug|Any CPU
		{FB9B39BD-78AE-47A4-B229-A00D7BBC2E7B}.Debug|Any CPU.Build.0 = Debug|Any CPU
		{FB9B39BD-78AE-47A4-B229-A00D7BBC2E7B}.Debug|x64.ActiveCfg = Debug|Any CPU
		{FB9B39BD-78AE-47A4-B229-A00D7BBC2E7B}.Debug|x64.Build.0 = Debug|Any CPU
		{FB9B39BD-78AE-47A4-B229-A00D7BBC2E7B}.Debug|x86.ActiveCfg = Debug|Any CPU
		{FB9B39BD-78AE-47A4-B229-A00D7BBC2E7B}.Debug|x86.Build.0 = Debug|Any CPU
		{FB9B39BD-78AE-47A4-B229-A00D7BBC2E7B}.Release|Any CPU.ActiveCfg = Release|Any CPU
		{FB9B39BD-78AE-47A4-B229-A00D7BBC2E7B}.Release|Any CPU.Build.0 = Release|Any CPU
		{FB9B39BD-78AE-47A4-B229-A00D7BBC2E7B}.Release|x64.ActiveCfg = Release|Any CPU
		{FB9B39BD-78AE-47A4-B229-A00D7BBC2E7B}.Release|x64.Build.0 = Release|Any CPU
		{FB9B39BD-78AE-47A4-B229-A00D7BBC2E7B}.Release|x86.ActiveCfg = Release|Any CPU
		{FB9B39BD-78AE-47A4-B229-A00D7BBC2E7B}.Release|x86.Build.0 = Release|Any CPU
		{BEB97A43-E743-4859-8B93-E8596F96CC30}.Debug|Any CPU.ActiveCfg = Debug|Any CPU
		{BEB97A43-E743-4859-8B93-E8596F96CC30}.Debug|Any CPU.Build.0 = Debug|Any CPU
		{BEB97A43-E743-4859-8B93-E8596F96CC30}.Debug|x64.ActiveCfg = Debug|Any CPU
		{BEB97A43-E743-4859-8B93-E8596F96CC30}.Debug|x64.Build.0 = Debug|Any CPU
		{BEB97A43-E743-4859-8B93-E8596F96CC30}.Debug|x86.ActiveCfg = Debug|Any CPU
		{BEB97A43-E743-4859-8B93-E8596F96CC30}.Debug|x86.Build.0 = Debug|Any CPU
		{BEB97A43-E743-4859-8B93-E8596F96CC30}.Release|Any CPU.ActiveCfg = Release|Any CPU
		{BEB97A43-E743-4859-8B93-E8596F96CC30}.Release|Any CPU.Build.0 = Release|Any CPU
		{BEB97A43-E743-4859-8B93-E8596F96CC30}.Release|x64.ActiveCfg = Release|Any CPU
		{BEB97A43-E743-4859-8B93-E8596F96CC30}.Release|x64.Build.0 = Release|Any CPU
		{BEB97A43-E743-4859-8B93-E8596F96CC30}.Release|x86.ActiveCfg = Release|Any CPU
		{BEB97A43-E743-4859-8B93-E8596F96CC30}.Release|x86.Build.0 = Release|Any CPU
		{7FAE9FA7-3BC2-4E91-80C2-2D55B34EAA55}.Debug|Any CPU.ActiveCfg = Debug|Any CPU
		{7FAE9FA7-3BC2-4E91-80C2-2D55B34EAA55}.Debug|Any CPU.Build.0 = Debug|Any CPU
		{7FAE9FA7-3BC2-4E91-80C2-2D55B34EAA55}.Debug|x64.ActiveCfg = Debug|Any CPU
		{7FAE9FA7-3BC2-4E91-80C2-2D55B34EAA55}.Debug|x64.Build.0 = Debug|Any CPU
		{7FAE9FA7-3BC2-4E91-80C2-2D55B34EAA55}.Debug|x86.ActiveCfg = Debug|Any CPU
		{7FAE9FA7-3BC2-4E91-80C2-2D55B34EAA55}.Debug|x86.Build.0 = Debug|Any CPU
		{7FAE9FA7-3BC2-4E91-80C2-2D55B34EAA55}.Release|Any CPU.ActiveCfg = Release|Any CPU
		{7FAE9FA7-3BC2-4E91-80C2-2D55B34EAA55}.Release|Any CPU.Build.0 = Release|Any CPU
		{7FAE9FA7-3BC2-4E91-80C2-2D55B34EAA55}.Release|x64.ActiveCfg = Release|Any CPU
		{7FAE9FA7-3BC2-4E91-80C2-2D55B34EAA55}.Release|x64.Build.0 = Release|Any CPU
		{7FAE9FA7-3BC2-4E91-80C2-2D55B34EAA55}.Release|x86.ActiveCfg = Release|Any CPU
		{7FAE9FA7-3BC2-4E91-80C2-2D55B34EAA55}.Release|x86.Build.0 = Release|Any CPU
	EndGlobalSection
	GlobalSection(SolutionProperties) = preSolution
		HideSolutionNode = FALSE
	EndGlobalSection
	GlobalSection(NestedProjects) = preSolution
		{FB9B39BD-78AE-47A4-B229-A00D7BBC2E7B} = {827E0CD3-B72D-47B6-A68D-7590B98EB39B}
		{BEB97A43-E743-4859-8B93-E8596F96CC30} = {827E0CD3-B72D-47B6-A68D-7590B98EB39B}
		{7FAE9FA7-3BC2-4E91-80C2-2D55B34EAA55} = {827E0CD3-B72D-47B6-A68D-7590B98EB39B}
	EndGlobalSection
EndGlobal
